
Microsoft Visual Studio Solution File, Format Version 12.00
# Visual Studio Version 17
VisualStudioVersion = 17.8.34330.188
MinimumVisualStudioVersion = 10.0.40219.1
Project("{2150E333-8FDC-42A3-9474-1A3956D46DE8}") = "src", "src", "{8BFEEA79-8C2F-4E7B-A0A7-5C34DF9CB13A}"
EndProject
Project("{2150E333-8FDC-42A3-9474-1A3956D46DE8}") = "Login", "Login", "{91A890EB-6F92-4AE6-B368-7F729E347045}"
EndProject
Project("{9A19103F-16F7-4668-BE54-9A1E7A4F7556}") = "Api.Presentation", "src\Login\Api.Presentation\Api.Presentation.csproj", "{39C9BC12-C032-4E07-B06C-3C026876625D}"
EndProject
Project("{9A19103F-16F7-4668-BE54-9A1E7A4F7556}") = "Application", "src\Login\Application\Application.csproj", "{759997A9-DD08-4A88-B21C-8E839DEAFE14}"
EndProject
Project("{9A19103F-16F7-4668-BE54-9A1E7A4F7556}") = "Domain", "src\Login\Domain\Domain.csproj", "{4659D64E-F888-4030-A735-7B4A4F50B7E1}"
EndProject
Project("{9A19103F-16F7-4668-BE54-9A1E7A4F7556}") = "Infrastructure", "src\Login\Infrastructure\Infrastructure.csproj", "{3025103A-934E-48B6-98B4-BC0A150BBEA3}"
EndProject
Project("{2150E333-8FDC-42A3-9474-1A3956D46DE8}") = "User", "User", "{C1025FB4-7A31-4B0A-B3E1-83CAA73FDD85}"
EndProject
Project("{9A19103F-16F7-4668-BE54-9A1E7A4F7556}") = "Api.Presentation", "src\User\Api.Presentation\Api.Presentation.csproj", "{A7248C14-0125-4EAB-A96B-6786E71960FD}"
EndProject
Project("{9A19103F-16F7-4668-BE54-9A1E7A4F7556}") = "Application", "src\User\Application\Application.csproj", "{3A828970-DC74-4811-B28E-5F0C3348D9FB}"
EndProject
Project("{9A19103F-16F7-4668-BE54-9A1E7A4F7556}") = "Domain", "src\User\Domain\Domain.csproj", "{BF0C05F2-2397-49D7-8008-1F8356386B43}"
EndProject
Project("{9A19103F-16F7-4668-BE54-9A1E7A4F7556}") = "Infrastructure", "src\User\Infrastructure\Infrastructure.csproj", "{CA7897C4-4A0A-4A83-833F-A834C0CCB118}"
EndProject
Project("{2150E333-8FDC-42A3-9474-1A3956D46DE8}") = "Documentation", "Documentation", "{910FAF47-0EFC-4203-B948-6D7845F62955}"
	ProjectSection(SolutionItems) = preProject
		..\..\..\Downloads\LoginWhitJWT.postman_collection.json = ..\..\..\Downloads\LoginWhitJWT.postman_collection.json
		src\Documentation\SQLQuery.txt = src\Documentation\SQLQuery.txt
	EndProjectSection
EndProject
Global
	GlobalSection(SolutionConfigurationPlatforms) = preSolution
		Debug|Any CPU = Debug|Any CPU
		Release|Any CPU = Release|Any CPU
	EndGlobalSection
	GlobalSection(ProjectConfigurationPlatforms) = postSolution
		{39C9BC12-C032-4E07-B06C-3C026876625D}.Debug|Any CPU.ActiveCfg = Debug|Any CPU
		{39C9BC12-C032-4E07-B06C-3C026876625D}.Debug|Any CPU.Build.0 = Debug|Any CPU
		{39C9BC12-C032-4E07-B06C-3C026876625D}.Release|Any CPU.ActiveCfg = Release|Any CPU
		{39C9BC12-C032-4E07-B06C-3C026876625D}.Release|Any CPU.Build.0 = Release|Any CPU
		{759997A9-DD08-4A88-B21C-8E839DEAFE14}.Debug|Any CPU.ActiveCfg = Debug|Any CPU
		{759997A9-DD08-4A88-B21C-8E839DEAFE14}.Debug|Any CPU.Build.0 = Debug|Any CPU
		{759997A9-DD08-4A88-B21C-8E839DEAFE14}.Release|Any CPU.ActiveCfg = Release|Any CPU
		{759997A9-DD08-4A88-B21C-8E839DEAFE14}.Release|Any CPU.Build.0 = Release|Any CPU
		{4659D64E-F888-4030-A735-7B4A4F50B7E1}.Debug|Any CPU.ActiveCfg = Debug|Any CPU
		{4659D64E-F888-4030-A735-7B4A4F50B7E1}.Debug|Any CPU.Build.0 = Debug|Any CPU
		{4659D64E-F888-4030-A735-7B4A4F50B7E1}.Release|Any CPU.ActiveCfg = Release|Any CPU
		{4659D64E-F888-4030-A735-7B4A4F50B7E1}.Release|Any CPU.Build.0 = Release|Any CPU
		{3025103A-934E-48B6-98B4-BC0A150BBEA3}.Debug|Any CPU.ActiveCfg = Debug|Any CPU
		{3025103A-934E-48B6-98B4-BC0A150BBEA3}.Debug|Any CPU.Build.0 = Debug|Any CPU
		{3025103A-934E-48B6-98B4-BC0A150BBEA3}.Release|Any CPU.ActiveCfg = Release|Any CPU
		{3025103A-934E-48B6-98B4-BC0A150BBEA3}.Release|Any CPU.Build.0 = Release|Any CPU
		{A7248C14-0125-4EAB-A96B-6786E71960FD}.Debug|Any CPU.ActiveCfg = Debug|Any CPU
		{A7248C14-0125-4EAB-A96B-6786E71960FD}.Debug|Any CPU.Build.0 = Debug|Any CPU
		{A7248C14-0125-4EAB-A96B-6786E71960FD}.Release|Any CPU.ActiveCfg = Release|Any CPU
		{A7248C14-0125-4EAB-A96B-6786E71960FD}.Release|Any CPU.Build.0 = Release|Any CPU
		{3A828970-DC74-4811-B28E-5F0C3348D9FB}.Debug|Any CPU.ActiveCfg = Debug|Any CPU
		{3A828970-DC74-4811-B28E-5F0C3348D9FB}.Debug|Any CPU.Build.0 = Debug|Any CPU
		{3A828970-DC74-4811-B28E-5F0C3348D9FB}.Release|Any CPU.ActiveCfg = Release|Any CPU
		{3A828970-DC74-4811-B28E-5F0C3348D9FB}.Release|Any CPU.Build.0 = Release|Any CPU
		{BF0C05F2-2397-49D7-8008-1F8356386B43}.Debug|Any CPU.ActiveCfg = Debug|Any CPU
		{BF0C05F2-2397-49D7-8008-1F8356386B43}.Debug|Any CPU.Build.0 = Debug|Any CPU
		{BF0C05F2-2397-49D7-8008-1F8356386B43}.Release|Any CPU.ActiveCfg = Release|Any CPU
		{BF0C05F2-2397-49D7-8008-1F8356386B43}.Release|Any CPU.Build.0 = Release|Any CPU
		{CA7897C4-4A0A-4A83-833F-A834C0CCB118}.Debug|Any CPU.ActiveCfg = Debug|Any CPU
		{CA7897C4-4A0A-4A83-833F-A834C0CCB118}.Debug|Any CPU.Build.0 = Debug|Any CPU
		{CA7897C4-4A0A-4A83-833F-A834C0CCB118}.Release|Any CPU.ActiveCfg = Release|Any CPU
		{CA7897C4-4A0A-4A83-833F-A834C0CCB118}.Release|Any CPU.Build.0 = Release|Any CPU
	EndGlobalSection
	GlobalSection(SolutionProperties) = preSolution
		HideSolutionNode = FALSE
	EndGlobalSection
	GlobalSection(NestedProjects) = preSolution
		{91A890EB-6F92-4AE6-B368-7F729E347045} = {8BFEEA79-8C2F-4E7B-A0A7-5C34DF9CB13A}
		{39C9BC12-C032-4E07-B06C-3C026876625D} = {91A890EB-6F92-4AE6-B368-7F729E347045}
		{759997A9-DD08-4A88-B21C-8E839DEAFE14} = {91A890EB-6F92-4AE6-B368-7F729E347045}
		{4659D64E-F888-4030-A735-7B4A4F50B7E1} = {91A890EB-6F92-4AE6-B368-7F729E347045}
		{3025103A-934E-48B6-98B4-BC0A150BBEA3} = {91A890EB-6F92-4AE6-B368-7F729E347045}
		{C1025FB4-7A31-4B0A-B3E1-83CAA73FDD85} = {8BFEEA79-8C2F-4E7B-A0A7-5C34DF9CB13A}
		{A7248C14-0125-4EAB-A96B-6786E71960FD} = {C1025FB4-7A31-4B0A-B3E1-83CAA73FDD85}
		{3A828970-DC74-4811-B28E-5F0C3348D9FB} = {C1025FB4-7A31-4B0A-B3E1-83CAA73FDD85}
		{BF0C05F2-2397-49D7-8008-1F8356386B43} = {C1025FB4-7A31-4B0A-B3E1-83CAA73FDD85}
		{CA7897C4-4A0A-4A83-833F-A834C0CCB118} = {C1025FB4-7A31-4B0A-B3E1-83CAA73FDD85}
		{910FAF47-0EFC-4203-B948-6D7845F62955} = {8BFEEA79-8C2F-4E7B-A0A7-5C34DF9CB13A}
	EndGlobalSection
	GlobalSection(ExtensibilityGlobals) = postSolution
		SolutionGuid = {76B1DBB0-A3E8-4FEE-806C-8BF24F8DF478}
	EndGlobalSection
EndGlobal
